Microsoft Visual Studio Solution File, Format Version 12.00
# Visual Studio Version 17
VisualStudioVersion = 17.0.31912.275
MinimumVisualStudioVersion = 10.0.40219.1
Project("{FAE04EC0-301F-11D3-BF4B-00C04F79EFBC}") = "DataProcessor.Api", "src/DataProcessor.Api/DataProcessor.Api.csproj", "{D0A54157-4F25-4F06-87B3-6D7BCE40C55A}"
EndProject
Project("{FAE04EC0-301F-11D3-BF4B-00C04F79EFBC}") = "DataProcessor.Core", "src/DataProcessor.Core/DataProcessor.Core.csproj", "{3AE0A5FC-5E0D-4D81-BBAA-8B62C989C109}"
EndProject
Project("{FAE04EC0-301F-11D3-BF4B-00C04F79EFBC}") = "DataProcessor.Data", "src/DataProcessor.Data/DataProcessor.Data.csproj", "{9D729447-5AE6-4DA8-95E4-0E8E1CFF7815}"
EndProject
Global
GlobalSection(SolutionConfigurationPlatforms) = preSolution
Debug|Any CPU = Debug|Any CPU
Release|Any CPU = Release|Any CPU
EndGlobalSection
GlobalSection(ProjectConfigurationPlatforms) = postSolution
{D0A54157-4F25-4F06-87B3-6D7BCE40C55A}.Debug|Any CPU.ActiveCfg = Debug|Any CPU
{D0A54157-4F25-4F06-87B3-6D7BCE40C55A}.Debug|Any CPU.Build.0 = Debug|Any CPU
{D0A54157-4F25-4F06-87B3-6D7BCE40C55A}.Release|Any CPU.ActiveCfg = Release|Any CPU
{D0A54157-4F25-4F06-87B3-6D7BCE40C55A}.Release|Any CPU.Build.0 = Release|Any CPU
{3AE0A5FC-5E0D-4D81-BBAA-8B62C989C109}.Debug|Any CPU.ActiveCfg = Debug|Any CPU
{3AE0A5FC-5E0D-4D81-BBAA-8B62C989C109}.Debug|Any CPU.Build.0 = Debug|Any CPU
{3AE0A5FC-5E0D-4D81-BBAA-8B62C989C109}.Release|Any CPU.ActiveCfg = Release|Any CPU
{3AE0A5FC-5E0D-4D81-BBAA-8B62C989C109}.Release|Any CPU.Build.0 = Release|Any CPU
{9D729447-5AE6-4DA8-95E4-0E8E1CFF7815}.Debug|Any CPU.ActiveCfg = Debug|Any CPU
{9D729447-5AE6-4DA8-95E4-0E8E1CFF7815}.Debug|Any CPU.Build.0 = Debug|Any CPU
{9D729447-5AE6-4DA8-95E4-0E8E1CFF7815}.Release|Any CPU.ActiveCfg = Release|Any CPU
{9D729447-5AE6-4DA8-95E4-0E8E1CFF7815}.Release|Any CPU.Build.0 = Release|Any CPU
EndGlobalSection
GlobalSection(SolutionProperties) = preSolution
HideSolutionNode = FALSE
EndGlobalSection
EndGlobal
